
Microsoft Visual Studio Solution File, Format Version 12.00
# Visual Studio 2012
Project("{FAE04EC0-301F-11D3-BF4B-00C04F79EFBC}") = "ICT13580095A", "ICT13580095A\ICT13580095A.csproj", "{DFA317F8-C0D0-44CD-8F21-F22ECB4E2770}"
EndProject
Project("{FAE04EC0-301F-11D3-BF4B-00C04F79EFBC}") = "ICT13580095A.iOS", "iOS\ICT13580095A.iOS.csproj", "{0273B669-C2A9-42B2-B0F0-5D8A8DA8D8AE}"
EndProject
Global
	GlobalSection(SolutionConfigurationPlatforms) = preSolution
		Debug|Any CPU = Debug|Any CPU
		Release|Any CPU = Release|Any CPU
		Debug|iPhoneSimulator = Debug|iPhoneSimulator
		Release|iPhone = Release|iPhone
		Release|iPhoneSimulator = Release|iPhoneSimulator
		Debug|iPhone = Debug|iPhone
	EndGlobalSection
	GlobalSection(ProjectConfigurationPlatforms) = postSolution
		{DFA317F8-C0D0-44CD-8F21-F22ECB4E2770}.Debug|Any CPU.ActiveCfg = Debug|Any CPU
		{DFA317F8-C0D0-44CD-8F21-F22ECB4E2770}.Debug|Any CPU.Build.0 = Debug|Any CPU
		{DFA317F8-C0D0-44CD-8F21-F22ECB4E2770}.Release|Any CPU.ActiveCfg = Release|Any CPU
		{DFA317F8-C0D0-44CD-8F21-F22ECB4E2770}.Release|Any CPU.Build.0 = Release|Any CPU
		{DFA317F8-C0D0-44CD-8F21-F22ECB4E2770}.Debug|iPhoneSimulator.ActiveCfg = Debug|Any CPU
		{DFA317F8-C0D0-44CD-8F21-F22ECB4E2770}.Debug|iPhoneSimulator.Build.0 = Debug|Any CPU
		{DFA317F8-C0D0-44CD-8F21-F22ECB4E2770}.Release|iPhone.ActiveCfg = Release|Any CPU
		{DFA317F8-C0D0-44CD-8F21-F22ECB4E2770}.Release|iPhone.Build.0 = Release|Any CPU
		{DFA317F8-C0D0-44CD-8F21-F22ECB4E2770}.Release|iPhoneSimulator.ActiveCfg = Release|Any CPU
		{DFA317F8-C0D0-44CD-8F21-F22ECB4E2770}.Release|iPhoneSimulator.Build.0 = Release|Any CPU
		{DFA317F8-C0D0-44CD-8F21-F22ECB4E2770}.Debug|iPhone.ActiveCfg = Debug|Any CPU
		{DFA317F8-C0D0-44CD-8F21-F22ECB4E2770}.Debug|iPhone.Build.0 = Debug|Any CPU
		{0273B669-C2A9-42B2-B0F0-5D8A8DA8D8AE}.Debug|Any CPU.ActiveCfg = Debug|iPhoneSimulator
		{0273B669-C2A9-42B2-B0F0-5D8A8DA8D8AE}.Debug|Any CPU.Build.0 = Debug|iPhoneSimulator
		{0273B669-C2A9-42B2-B0F0-5D8A8DA8D8AE}.Release|Any CPU.ActiveCfg = Release|iPhone
		{0273B669-C2A9-42B2-B0F0-5D8A8DA8D8AE}.Release|Any CPU.Build.0 = Release|iPhone
		{0273B669-C2A9-42B2-B0F0-5D8A8DA8D8AE}.Debug|iPhoneSimulator.ActiveCfg = Debug|iPhoneSimulator
		{0273B669-C2A9-42B2-B0F0-5D8A8DA8D8AE}.Debug|iPhoneSimulator.Build.0 = Debug|iPhoneSimulator
		{0273B669-C2A9-42B2-B0F0-5D8A8DA8D8AE}.Release|iPhone.ActiveCfg = Release|iPhone
		{0273B669-C2A9-42B2-B0F0-5D8A8DA8D8AE}.Release|iPhone.Build.0 = Release|iPhone
		{0273B669-C2A9-42B2-B0F0-5D8A8DA8D8AE}.Release|iPhoneSimulator.ActiveCfg = Release|iPhoneSimulator
		{0273B669-C2A9-42B2-B0F0-5D8A8DA8D8AE}.Release|iPhoneSimulator.Build.0 = Release|iPhoneSimulator
		{0273B669-C2A9-42B2-B0F0-5D8A8DA8D8AE}.Debug|iPhone.ActiveCfg = Debug|iPhone
		{0273B669-C2A9-42B2-B0F0-5D8A8DA8D8AE}.Debug|iPhone.Build.0 = Debug|iPhone
	EndGlobalSection
EndGlobal
